// !$*UTF8*$!
{
	archiveVersion = 1;
	classes = {
	};
	objectVersion = 48;
	objects = {

/* Begin PBXBuildFile section */
		9BBCAF6020632502002FEF2E /* AppDelegate.swift in Sources */ = {isa = PBXBuildFile; fileRef = 9BBCAF5F20632502002FEF2E /* AppDelegate.swift */; };
		9BBCAF6220632502002FEF2E /* ViewController.swift in Sources */ = {isa = PBXBuildFile; fileRef = 9BBCAF6120632502002FEF2E /* ViewController.swift */; };
		9BBCAF6520632503002FEF2E /* Main.storyboard in Resources */ = {isa = PBXBuildFile; fileRef = 9BBCAF6320632503002FEF2E /* Main.storyboard */; };
		9BBCAF6720632503002FEF2E /* Assets.xcassets in Resources */ = {isa = PBXBuildFile; fileRef = 9BBCAF6620632503002FEF2E /* Assets.xcassets */; };
		9BBCAF6A20632503002FEF2E /* LaunchScreen.storyboard in Resources */ = {isa = PBXBuildFile; fileRef = 9BBCAF6820632503002FEF2E /* LaunchScreen.storyboard */; };
/* End PBXBuildFile section */

/* Begin PBXFileReference section */
		9BBCAF5C20632502002FEF2E /* OdinaryOrPremiumGas.app */ = {isa = PBXFileReference; explicitFileType = wrapper.application; includeInIndex = 0; path = OdinaryOrPremiumGas.app; sourceTree = BUILT_PRODUCTS_DIR; };
		9BBCAF5F20632502002FEF2E /* AppDelegate.swift */ = {isa = PBXFileReference; lastKnownFileType = sourcecode.swift; path = AppDelegate.swift; sourceTree = "<group>"; };
		9BBCAF6120632502002FEF2E /* ViewController.swift */ = {isa = PBXFileReference; lastKnownFileType = sourcecode.swift; path = ViewController.swift; sourceTree = "<group>"; };
		9BBCAF6420632503002FEF2E /* Base */ = {isa = PBXFileReference; lastKnownFileType = file.storyboard; name = Base; path = Base.lproj/Main.storyboard; sourceTree = "<group>"; };
		9BBCAF6620632503002FEF2E /* Assets.xcassets */ = {isa = PBXFileReference; lastKnownFileType = folder.assetcatalog; path = Assets.xcassets; sourceTree = "<group>"; };
		9BBCAF6920632503002FEF2E /* Base */ = {isa = PBXFileReference; lastKnownFileType = file.storyboard; name = Base; path = Base.lproj/LaunchScreen.storyboard; sourceTree = "<group>"; };
		9BBCAF6B20632503002FEF2E /* Info.plist */ = {isa = PBXFileReference; lastKnownFileType = text.plist.xml; path = Info.plist; sourceTree = "<group>"; };
/* End PBXFileReference section */

/* Begin PBXFrameworksBuildPhase section */
		9BBCAF5920632502002FEF2E /* Frameworks */ = {
			isa = PBXFrameworksBuildPhase;
			buildActionMask = 2147483647;
			files = (
			);
			runOnlyForDeploymentPostprocessing = 0;
		};
/* End PBXFrameworksBuildPhase section */

/* Begin PBXGroup section */
		9BBCAF5320632502002FEF2E = {
			isa = PBXGroup;
			children = (
				9BBCAF5E20632502002FEF2E /* OdinaryOrPremiumGas */,
				9BBCAF5D20632502002FEF2E /* Products */,
			);
			sourceTree = "<group>";
		};
		9BBCAF5D20632502002FEF2E /* Products */ = {
			isa = PBXGroup;
			children = (
				9BBCAF5C20632502002FEF2E /* OdinaryOrPremiumGas.app */,
			);
			name = Products;
			sourceTree = "<group>";
		};
		9BBCAF5E20632502002FEF2E /* OdinaryOrPremiumGas */ = {
			isa = PBXGroup;
			children = (
				9BBCAF5F20632502002FEF2E /* AppDelegate.swift */,
				9BBCAF6120632502002FEF2E /* ViewController.swift */,
				9BBCAF6320632503002FEF2E /* Main.storyboard */,
				9BBCAF6620632503002FEF2E /* Assets.xcassets */,
				9BBCAF6820632503002FEF2E /* LaunchScreen.storyboard */,
				9BBCAF6B20632503002FEF2E /* Info.plist */,
			);
			path = OdinaryOrPremiumGas;
			sourceTree = "<group>";
		};
/* End PBXGroup section */

/* Begin PBXNativeTarget section */
		9BBCAF5B20632502002FEF2E /* OdinaryOrPremiumGas */ = {
			isa = PBXNativeTarget;
			buildConfigurationList = 9BBCAF6E20632503002FEF2E /* Build configuration list for PBXNativeTarget "OdinaryOrPremiumGas" */;
			buildPhases = (
				9BBCAF5820632502002FEF2E /* Sources */,
				9BBCAF5920632502002FEF2E /* Frameworks */,
				9BBCAF5A20632502002FEF2E /* Resources */,
			);
			buildRules = (
			);
			dependencies = (
			);
			name = OdinaryOrPremiumGas;
			productName = OdinaryOrPremiumGas;
			productReference = 9BBCAF5C20632502002FEF2E /* OdinaryOrPremiumGas.app */;
			productType = "com.apple.product-type.application";
		};
/* End PBXNativeTarget section */

/* Begin PBXProject section */
		9BBCAF5420632502002FEF2E /* Project object */ = {
			isa = PBXProject;
			attributes = {
				LastSwiftUpdateCheck = 0900;
				LastUpgradeCheck = 0900;
				ORGANIZATIONNAME = MoBI;
				TargetAttributes = {
					9BBCAF5B20632502002FEF2E = {
						CreatedOnToolsVersion = 9.0;
						ProvisioningStyle = Automatic;
					};
				};
			};
			buildConfigurationList = 9BBCAF5720632502002FEF2E /* Build configuration list for PBXProject "OdinaryOrPremiumGas" */;
			compatibilityVersion = "Xcode 8.0";
			developmentRegion = en;
			hasScannedForEncodings = 0;
			knownRegions = (
				en,
				Base,
			);
			mainGroup = 9BBCAF5320632502002FEF2E;
			productRefGroup = 9BBCAF5D20632502002FEF2E /* Products */;
			projectDirPath = "";
			projectRoot = "";
			targets = (
				9BBCAF5B20632502002FEF2E /* OdinaryOrPremiumGas */,
			);
		};
/* End PBXProject section */

/* Begin PBXResourcesBuildPhase section */
		9BBCAF5A20632502002FEF2E /* Resources */ = {
			isa = PBXResourcesBuildPhase;
			buildActionMask = 2147483647;
			files = (
				9BBCAF6A20632503002FEF2E /* LaunchScreen.storyboard in Resources */,
				9BBCAF6720632503002FEF2E /* Assets.xcassets in Resources */,
				9BBCAF6520632503002FEF2E /* Main.storyboard in Resources */,
			);
			runOnlyForDeploymentPostprocessing = 0;
		};
/* End PBXResourcesBuildPhase section */

/* Begin PBXSourcesBuildPhase section */
		9BBCAF5820632502002FEF2E /* Sources */ = {
			isa = PBXSourcesBuildPhase;
			buildActionMask = 2147483647;
			files = (
				9BBCAF6220632502002FEF2E /* ViewController.swift in Sources */,
				9BBCAF6020632502002FEF2E /* AppDelegate.swift in Sources */,
			);
			runOnlyForDeploymentPostprocessing = 0;
		};
/* End PBXSourcesBuildPhase section */

/* Begin PBXVariantGroup section */
		9BBCAF6320632503002FEF2E /* Main.storyboard */ = {
			isa = PBXVariantGroup;
			children = (
				9BBCAF6420632503002FEF2E /* Base */,
			);
			name = Main.storyboard;
			sourceTree = "<group>";
		};
		9BBCAF6820632503002FEF2E /* LaunchScreen.storyboard */ = {
			isa = PBXVariantGroup;
			children = (
				9BBCAF6920632503002FEF2E /* Base */,
			);
			name = LaunchScreen.storyboard;
			sourceTree = "<group>";
		};
/* End PBXVariantGroup section */

/* Begin XCBuildConfiguration section */
		9BBCAF6C20632503002FEF2E /* Debug */ = {
			isa = XCBuildConfiguration;
			buildSettings = {
				ALWAYS_SEARCH_USER_PATHS = NO;
				CLANG_ANALYZER_NONNULL = YES;
				CLANG_ANALYZER_NUMBER_OBJECT_CONVERSION = YES_AGGRESSIVE;
				CLANG_CXX_LANGUAGE_STANDARD = "gnu++14";
				CLANG_CXX_LIBRARY = "libc++";
				CLANG_ENABLE_MODULES = YES;
				CLANG_ENABLE_OBJC_ARC = YES;
				CLANG_WARN_BLOCK_CAPTURE_AUTORELEASING = YES;
				CLANG_WARN_BOOL_CONVERSION = YES;
				CLANG_WARN_COMMA = YES;
				CLANG_WARN_CONSTANT_CONVERSION = YES;
				CLANG_WARN_DIRECT_OBJC_ISA_USAGE = YES_ERROR;
				CLANG_WARN_DOCUMENTATION_COMMENTS = YES;
				CLANG_WARN_EMPTY_BODY = YES;
				CLANG_WARN_ENUM_CONVERSION = YES;
				CLANG_WARN_INFINITE_RECURSION = YES;
				CLANG_WARN_INT_CONVERSION = YES;
				CLANG_WARN_NON_LITERAL_NULL_CONVERSION = YES;
				CLANG_WARN_OBJC_LITERAL_CONVERSION = YES;
				CLANG_WARN_OBJC_ROOT_CLASS = YES_ERROR;
				CLANG_WARN_RANGE_LOOP_ANALYSIS = YES;
				CLANG_WARN_STRICT_PROTOTYPES = YES;
				CLANG_WARN_SUSPICIOUS_MOVE = YES;
				CLANG_WARN_UNGUARDED_AVAILABILITY = YES_AGGRESSIVE;
				CLANG_WARN_UNREACHABLE_CODE = YES;
				CLANG_WARN__DUPLICATE_METHOD_MATCH = YES;
				CODE_SIGN_IDENTITY = "iPhone Developer";
				COPY_PHASE_STRIP = NO;
				DEBUG_INFORMATION_FORMAT = dwarf;
				ENABLE_STRICT_OBJC_MSGSEND = YES;
				ENABLE_TESTABILITY = YES;
				GCC_C_LANGUAGE_STANDARD = gnu11;
				GCC_DYNAMIC_NO_PIC = NO;
				GCC_NO_COMMON_BLOCKS = YES;
				GCC_OPTIMIZATION_LEVEL = 0;
				GCC_PREPROCESSOR_DEFINITIONS = (
					"DEBUG=1",
					"$(inherited)",
				);
				GCC_WARN_64_TO_32_BIT_CONVERSION = YES;
				GCC_WARN_ABOUT_RETURN_TYPE = YES_ERROR;
				GCC_WARN_UNDECLARED_SELECTOR = YES;
				GCC_WARN_UNINITIALIZED_AUTOS = YES_AGGRESSIVE;
				GCC_WARN_UNUSED_FUNCTION = YES;
				GCC_WARN_UNUSED_VARIABLE = YES;
				IPHONEOS_DEPLOYMENT_TARGET = 11.0;
				MTL_ENABLE_DEBUG_INFO = YES;
				ONLY_ACTIVE_ARCH = YES;
				SDKROOT = iphoneos;
				SWIFT_ACTIVE_COMPILATION_CONDITIONS = DEBUG;
				SWIFT_OPTIMIZATION_LEVEL = "-Onone";
			};
			name = Debug;
		};
		9BBCAF6D20632503002FEF2E /* Release */ = {
			isa = XCBuildConfiguration;
			buildSettings = {
				ALWAYS_SEARCH_USER_PATHS = NO;
				CLANG_ANALYZER_NONNULL = YES;
				CLANG_ANALYZER_NUMBER_OBJECT_CONVERSION = YES_AGGRESSIVE;
				CLANG_CXX_LANGUAGE_STANDARD = "gnu++14";
				CLANG_CXX_LIBRARY = "libc++";
				CLANG_ENABLE_MODULES = YES;
				CLANG_ENABLE_OBJC_ARC = YES;
				CLANG_WARN_BLOCK_CAPTURE_AUTORELEASING = YES;
				CLANG_WARN_BOOL_CONVERSION = YES;
				CLANG_WARN_COMMA = YES;
				CLANG_WARN_CONSTANT_CONVERSION = YES;
				CLANG_WARN_DIRECT_OBJC_ISA_USAGE = YES_ERROR;
				CLANG_WARN_DOCUMENTATION_COMMENTS = YES;
				CLANG_WARN_EMPTY_BODY = YES;
				CLANG_WARN_ENUM_CONVERSION = YES;
				CLANG_WARN_INFINITE_RECURSION = YES;
				CLANG_WARN_INT_CONVERSION = YES;
				CLANG_WARN_NON_LITERAL_NULL_CONVERSION = YES;
				CLANG_WARN_OBJC_LITERAL_CONVERSION = YES;
				CLANG_WARN_OBJC_ROOT_CLASS = YES_ERROR;
				CLANG_WARN_RANGE_LOOP_ANALYSIS = YES;
				CLANG_WARN_STRICT_PROTOTYPES = YES;
				CLANG_WARN_SUSPICIOUS_MOVE = YES;
				CLANG_WARN_UNGUARDED_AVAILABILITY = YES_AGGRESSIVE;
				CLANG_WARN_UNREACHABLE_CODE = YES;
				CLANG_WARN__DUPLICATE_METHOD_MATCH = YES;
				CODE_SIGN_IDENTITY = "iPhone Developer";
				COPY_PHASE_STRIP = NO;
				DEBUG_INFORMATION_FORMAT = "dwarf-with-dsym";
				ENABLE_NS_ASSERTIONS = NO;
				ENABLE_STRICT_OBJC_MSGSEND = YES;
				GCC_C_LANGUAGE_STANDARD = gnu11;
				GCC_NO_COMMON_BLOCKS = YES;
				GCC_WARN_64_TO_32_BIT_CONVERSION = YES;
				GCC_WARN_ABOUT_RETURN_TYPE = YES_ERROR;
				GCC_WARN_UNDECLARED_SELECTOR = YES;
				GCC_WARN_UNINITIALIZED_AUTOS = YES_AGGRESSIVE;
				GCC_WARN_UNUSED_FUNCTION = YES;
				GCC_WARN_UNUSED_VARIABLE = YES;
				IPHONEOS_DEPLOYMENT_TARGET = 11.0;
				MTL_ENABLE_DEBUG_INFO = NO;
				SDKROOT = iphoneos;
				SWIFT_OPTIMIZATION_LEVEL = "-Owholemodule";
				VALIDATE_PRODUCT = YES;
			};
			name = Release;
		};
		9BBCAF6F20632503002FEF2E /* Debug */ = {
			isa = XCBuildConfiguration;
			buildSettings = {
				ASSETCATALOG_COMPILER_APPICON_NAME = AppIcon;
				CODE_SIGN_STYLE = Automatic;
				INFOPLIST_FILE = OdinaryOrPremiumGas/Info.plist;
				LD_RUNPATH_SEARCH_PATHS = "$(inherited) @executable_path/Frameworks";
				PRODUCT_BUNDLE_IDENTIFIER = com.mobi.OdinaryOrPremiumGas;
				PRODUCT_NAME = "$(TARGET_NAME)";
				SWIFT_VERSION = 4.0;
				TARGETED_DEVICE_FAMILY = "1,2";
			};
			name = Debug;
		};
		9BBCAF7020632503002FEF2E /* Release */ = {
			isa = XCBuildConfiguration;
			buildSettings = {
				ASSETCATALOG_COMPILER_APPICON_NAME = AppIcon;
				CODE_SIGN_STYLE = Automatic;
				INFOPLIST_FILE = OdinaryOrPremiumGas/Info.plist;
				LD_RUNPATH_SEARCH_PATHS = "$(inherited) @executable_path/Frameworks";
				PRODUCT_BUNDLE_IDENTIFIER = com.mobi.OdinaryOrPremiumGas;
				PRODUCT_NAME = "$(TARGET_NAME)";
				SWIFT_VERSION = 4.0;
				TARGETED_DEVICE_FAMILY = "1,2";
			};
			name = Release;
		};
/* End XCBuildConfiguration section */

/* Begin XCConfigurationList section */
		9BBCAF5720632502002FEF2E /* Build configuration list for PBXProject "OdinaryOrPremiumGas" */ = {
			isa = XCConfigurationList;
			buildConfigurations = (
				9BBCAF6C20632503002FEF2E /* Debug */,
				9BBCAF6D20632503002FEF2E /* Release */,
			);
			defaultConfigurationIsVisible = 0;
			defaultConfigurationName = Release;
		};
		9BBCAF6E20632503002FEF2E /* Build configuration list for PBXNativeTarget "OdinaryOrPremiumGas" */ = {
			isa = XCConfigurationList;
			buildConfigurations = (
				9BBCAF6F20632503002FEF2E /* Debug */,
				9BBCAF7020632503002FEF2E /* Release */,
			);
			defaultConfigurationIsVisible = 0;
			defaultConfigurationName = Release;
		};
/* End XCConfigurationList section */
	};
	rootObject = 9BBCAF5420632502002FEF2E /* Project object */;
}
